
Microsoft Visual Studio Solution File, Format Version 12.00
# Visual Studio Version 16
VisualStudioVersion = 16.0.31424.327
MinimumVisualStudioVersion = 10.0.40219.1
Project("{FAE04EC0-301F-11D3-BF4B-00C04F79EFBC}") = "Desafio2", "Desafio2\Desafio2.csproj", "{F70DC62E-3977-4A68-8CE7-7B07AD17DD9F}"
EndProject
Global
	GlobalSection(SolutionConfigurationPlatforms) = preSolution
		Debug|Any CPU = Debug|Any CPU
		Release|Any CPU = Release|Any CPU
	EndGlobalSection
	GlobalSection(ProjectConfigurationPlatforms) = postSolution
		{F70DC62E-3977-4A68-8CE7-7B07AD17DD9F}.Debug|Any CPU.ActiveCfg = Debug|Any CPU
		{F70DC62E-3977-4A68-8CE7-7B07AD17DD9F}.Debug|Any CPU.Build.0 = Debug|Any CPU
		{F70DC62E-3977-4A68-8CE7-7B07AD17DD9F}.Release|Any CPU.ActiveCfg = Release|Any CPU
		{F70DC62E-3977-4A68-8CE7-7B07AD17DD9F}.Release|Any CPU.Build.0 = Release|Any CPU
	EndGlobalSection
	GlobalSection(SolutionProperties) = preSolution
		HideSolutionNode = FALSE
	EndGlobalSection
	GlobalSection(ExtensibilityGlobals) = postSolution
		SolutionGuid = {095AEDA0-9800-427F-A917-95DB0F7BED31}
	EndGlobalSection
EndGlobal
