
Microsoft Visual Studio Solution File, Format Version 12.00
# Visual Studio Version 16
VisualStudioVersion = 16.0.31424.327
MinimumVisualStudioVersion = 10.0.40219.1
Project("{FAE04EC0-301F-11D3-BF4B-00C04F79EFBC}") = "Desafio3", "Desafio3\Desafio3.csproj", "{3097069E-0C21-49A6-A0A2-31AEF0C30189}"
EndProject
Global
	GlobalSection(SolutionConfigurationPlatforms) = preSolution
		Debug|Any CPU = Debug|Any CPU
		Release|Any CPU = Release|Any CPU
	EndGlobalSection
	GlobalSection(ProjectConfigurationPlatforms) = postSolution
		{3097069E-0C21-49A6-A0A2-31AEF0C30189}.Debug|Any CPU.ActiveCfg = Debug|Any CPU
		{3097069E-0C21-49A6-A0A2-31AEF0C30189}.Debug|Any CPU.Build.0 = Debug|Any CPU
		{3097069E-0C21-49A6-A0A2-31AEF0C30189}.Release|Any CPU.ActiveCfg = Release|Any CPU
		{3097069E-0C21-49A6-A0A2-31AEF0C30189}.Release|Any CPU.Build.0 = Release|Any CPU
	EndGlobalSection
	GlobalSection(SolutionProperties) = preSolution
		HideSolutionNode = FALSE
	EndGlobalSection
	GlobalSection(ExtensibilityGlobals) = postSolution
		SolutionGuid = {85C88248-B578-434B-96CB-07C974B45B77}
	EndGlobalSection
EndGlobal
