
Microsoft Visual Studio Solution File, Format Version 12.00
# Visual Studio Version 16
VisualStudioVersion = 16.0.31424.327
MinimumVisualStudioVersion = 10.0.40219.1
Project("{FAE04EC0-301F-11D3-BF4B-00C04F79EFBC}") = "Desafio1", "Desafio1\Desafio1.csproj", "{C311634B-2EA0-4708-B368-BA77D9BABA4B}"
EndProject
Global
	GlobalSection(SolutionConfigurationPlatforms) = preSolution
		Debug|Any CPU = Debug|Any CPU
		Release|Any CPU = Release|Any CPU
	EndGlobalSection
	GlobalSection(ProjectConfigurationPlatforms) = postSolution
		{C311634B-2EA0-4708-B368-BA77D9BABA4B}.Debug|Any CPU.ActiveCfg = Debug|Any CPU
		{C311634B-2EA0-4708-B368-BA77D9BABA4B}.Debug|Any CPU.Build.0 = Debug|Any CPU
		{C311634B-2EA0-4708-B368-BA77D9BABA4B}.Release|Any CPU.ActiveCfg = Release|Any CPU
		{C311634B-2EA0-4708-B368-BA77D9BABA4B}.Release|Any CPU.Build.0 = Release|Any CPU
	EndGlobalSection
	GlobalSection(SolutionProperties) = preSolution
		HideSolutionNode = FALSE
	EndGlobalSection
	GlobalSection(ExtensibilityGlobals) = postSolution
		SolutionGuid = {D5D4DCD5-F72A-4313-A3AE-5D00998F77FD}
	EndGlobalSection
EndGlobal
